
Microsoft Visual Studio Solution File, Format Version 12.00
# Visual Studio Version 16
VisualStudioVersion = 16.0.30611.23
MinimumVisualStudioVersion = 10.0.40219.1
Project("{2150E333-8FDC-42A3-9474-1A3956D46DE8}") = "Lesson1", "Lesson1", "{CF3AFADE-1F82-4B5E-9C26-8226493125A4}"
EndProject
Project("{9A19103F-16F7-4668-BE54-9A1E7A4F7556}") = "Lesson1Project", "Lesson1Project\Lesson1Project.csproj", "{312C2A64-A182-4978-BDE7-4325A4E144B1}"
EndProject
Project("{2150E333-8FDC-42A3-9474-1A3956D46DE8}") = "Lesson2", "Lesson2", "{FDBEF909-63ED-4C93-A2D8-5A13A2A4B9B1}"
EndProject
Project("{2150E333-8FDC-42A3-9474-1A3956D46DE8}") = "Project1", "Project1", "{0EB83F23-5E52-445F-A3D9-931D5BB205AF}"
EndProject
Project("{9A19103F-16F7-4668-BE54-9A1E7A4F7556}") = "Lesson2Project1", "Lesson2Project1\Lesson2Project1.csproj", "{2BC14877-FFC3-45FB-822D-6FEFF94962ED}"
EndProject
Project("{2150E333-8FDC-42A3-9474-1A3956D46DE8}") = "Project2", "Project2", "{3A7DC96D-6C67-4AA7-883A-CFAE7E7F8806}"
EndProject
Project("{9A19103F-16F7-4668-BE54-9A1E7A4F7556}") = "Lesson2Project2", "Lesson2Project2\Lesson2Project2.csproj", "{0E39E255-C23B-48CA-B896-976F212527E9}"
EndProject
Project("{2150E333-8FDC-42A3-9474-1A3956D46DE8}") = "Project3", "Project3", "{8CE8A7D4-317C-4ADC-970E-889B9559C97A}"
EndProject
Project("{9A19103F-16F7-4668-BE54-9A1E7A4F7556}") = "Lesson2Project3", "Lesson2Project3\Lesson2Project3.csproj", "{33A0E457-54BD-4584-8785-DCC15A686966}"
EndProject
Project("{2150E333-8FDC-42A3-9474-1A3956D46DE8}") = "Project4", "Project4", "{3B4726D2-C040-4E90-AFF3-3E940B80E3FE}"
EndProject
Project("{9A19103F-16F7-4668-BE54-9A1E7A4F7556}") = "Lesson2Project4", "Lesson2Project4\Lesson2Project4.csproj", "{0176ABDB-8421-4C25-B47E-6555E2A0215E}"
EndProject
Project("{2150E333-8FDC-42A3-9474-1A3956D46DE8}") = "Project5", "Project5", "{2C191F93-3BBC-49A9-AFE1-E11E0B4B6E92}"
EndProject
Project("{9A19103F-16F7-4668-BE54-9A1E7A4F7556}") = "Lesson2Project5", "Lesson2Project5\Lesson2Project5.csproj", "{F1D8D9F8-7C64-4A35-B77B-30D84EC4E41C}"
EndProject
Project("{2150E333-8FDC-42A3-9474-1A3956D46DE8}") = "Project6", "Project6", "{C82DE716-E3A9-4D5B-BB2D-5728518D96FF}"
EndProject
Project("{9A19103F-16F7-4668-BE54-9A1E7A4F7556}") = "Lesson2Project6", "Lesson2Project6\Lesson2Project6.csproj", "{8D269368-DB7D-4159-A85D-5A1930FF2BAA}"
EndProject
Project("{2150E333-8FDC-42A3-9474-1A3956D46DE8}") = "Project7", "Project7", "{6EC39A90-5B1D-48C3-B59B-6C0A7411BD9D}"
EndProject
Project("{9A19103F-16F7-4668-BE54-9A1E7A4F7556}") = "Lesson2Project7", "Lesson2Project7\Lesson2Project7.csproj", "{BA8B0F83-7F1E-491E-BE90-2563E2BF6E2A}"
EndProject
Project("{2150E333-8FDC-42A3-9474-1A3956D46DE8}") = "Lesson3", "Lesson3", "{6D07E51A-68D7-47E3-BDD4-556622A2CA38}"
EndProject
Project("{2150E333-8FDC-42A3-9474-1A3956D46DE8}") = "Project1", "Project1", "{D5387356-45CC-441D-9DD5-7424A5EF1C18}"
EndProject
Project("{9A19103F-16F7-4668-BE54-9A1E7A4F7556}") = "Lesson3Project1", "Lesson3Project1\Lesson3Project1.csproj", "{FBD2B1E7-8304-440A-BDB6-19D31DD3A4FF}"
EndProject
Project("{2150E333-8FDC-42A3-9474-1A3956D46DE8}") = "Project2", "Project2", "{3D4151B2-51DC-44F2-8E91-08C53B3281D2}"
EndProject
Project("{9A19103F-16F7-4668-BE54-9A1E7A4F7556}") = "Lesson3Project2", "Lesson3Project2\Lesson3Project2.csproj", "{AD28461D-8B65-4733-9E09-098501CB7ED3}"
EndProject
Project("{2150E333-8FDC-42A3-9474-1A3956D46DE8}") = "Project3", "Project3", "{2D320DE8-1868-4184-8B97-200C37D4A88D}"
EndProject
Project("{9A19103F-16F7-4668-BE54-9A1E7A4F7556}") = "Lesson3Project3", "Lesson3Project3\Lesson3Project3.csproj", "{EFCB1FAC-93BE-4223-BC5F-4A952BDE5209}"
EndProject
Project("{2150E333-8FDC-42A3-9474-1A3956D46DE8}") = "Project4", "Project4", "{98C102E4-F1BF-48ED-BCD4-623E12C065A5}"
EndProject
Project("{9A19103F-16F7-4668-BE54-9A1E7A4F7556}") = "Lesson3Project4", "Lesson3Project4\Lesson3Project4.csproj", "{1909FA16-014A-4784-BB1F-7E6DE2440B6E}"
EndProject
Project("{2150E333-8FDC-42A3-9474-1A3956D46DE8}") = "Project5", "Project5", "{07235C03-0407-4910-BADA-EF11706C95FA}"
EndProject
Project("{9A19103F-16F7-4668-BE54-9A1E7A4F7556}") = "Lesson3Project5", "Lesson3Project5\Lesson3Project5.csproj", "{F313A5FA-CEC7-4EA9-AAF5-6FBAB92CBBCC}"
EndProject
Project("{2150E333-8FDC-42A3-9474-1A3956D46DE8}") = "Lesson4", "Lesson4", "{742D76B9-BCA5-48B7-94ED-C74C0F5DDF4C}"
EndProject
Project("{2150E333-8FDC-42A3-9474-1A3956D46DE8}") = "Project1", "Project1", "{04AEE3F3-370E-49F1-AE45-1B8964FE1C7D}"
EndProject
Project("{9A19103F-16F7-4668-BE54-9A1E7A4F7556}") = "Lesson4Project1", "Lesson4Project1\Lesson4Project1.csproj", "{94434297-7EA0-4636-A3C6-63A71A84D0C4}"
EndProject
Project("{2150E333-8FDC-42A3-9474-1A3956D46DE8}") = "Project2", "Project2", "{25734CB3-F0D4-465F-B22B-3D68B638CCAB}"
EndProject
Project("{9A19103F-16F7-4668-BE54-9A1E7A4F7556}") = "Lesson4Project2", "Lesson4Project2\Lesson4Project2.csproj", "{748297BD-462F-409B-8759-D3BF0BB9BE36}"
EndProject
Project("{2150E333-8FDC-42A3-9474-1A3956D46DE8}") = "Project3", "Project3", "{23C2CD33-E80B-41A5-828A-4101AD644FD8}"
EndProject
Project("{2150E333-8FDC-42A3-9474-1A3956D46DE8}") = "Project4", "Project4", "{7533D1CF-E465-4338-ACA4-82A3D823B428}"
EndProject
Project("{9A19103F-16F7-4668-BE54-9A1E7A4F7556}") = "Lesson4Project3", "Lesson4Project3\Lesson4Project3.csproj", "{1C7E05A5-F5EE-42AD-A20E-B693424E62AC}"
EndProject
Project("{9A19103F-16F7-4668-BE54-9A1E7A4F7556}") = "Lesson4Project4", "Lesson4Project4\Lesson4Project4.csproj", "{4CE04E15-5459-476F-B9FA-EF208DD70FE7}"
EndProject
Project("{2150E333-8FDC-42A3-9474-1A3956D46DE8}") = "Lesson5", "Lesson5", "{0F9F2F51-778F-4F0B-A90F-8D1484277652}"
EndProject
Project("{2150E333-8FDC-42A3-9474-1A3956D46DE8}") = "Project1", "Project1", "{964842C8-CE4D-4C80-856F-CE0869E015B5}"
EndProject
Project("{FAE04EC0-301F-11D3-BF4B-00C04F79EFBC}") = "Lesson5Project1", "Lesson5Project1\Lesson5Project1.csproj", "{E129C8B4-7D2D-4E77-8EF0-41A081A44424}"
EndProject
Project("{2150E333-8FDC-42A3-9474-1A3956D46DE8}") = "Project2", "Project2", "{991A5143-A913-4343-9FF1-23B630597F13}"
EndProject
Project("{FAE04EC0-301F-11D3-BF4B-00C04F79EFBC}") = "Lesson5Project2", "Lesson5Project2\Lesson5Project2.csproj", "{487EB30C-32FC-4E2C-9C7C-65FFD1BB934C}"
EndProject
Project("{2150E333-8FDC-42A3-9474-1A3956D46DE8}") = "Project3", "Project3", "{56D427D8-B6C4-4F8C-85BF-7873D4674417}"
EndProject
Global
	GlobalSection(SolutionConfigurationPlatforms) = preSolution
		Debug|Any CPU = Debug|Any CPU
		Release|Any CPU = Release|Any CPU
	EndGlobalSection
	GlobalSection(ProjectConfigurationPlatforms) = postSolution
		{312C2A64-A182-4978-BDE7-4325A4E144B1}.Debug|Any CPU.ActiveCfg = Debug|Any CPU
		{312C2A64-A182-4978-BDE7-4325A4E144B1}.Debug|Any CPU.Build.0 = Debug|Any CPU
		{312C2A64-A182-4978-BDE7-4325A4E144B1}.Release|Any CPU.ActiveCfg = Release|Any CPU
		{312C2A64-A182-4978-BDE7-4325A4E144B1}.Release|Any CPU.Build.0 = Release|Any CPU
		{2BC14877-FFC3-45FB-822D-6FEFF94962ED}.Debug|Any CPU.ActiveCfg = Debug|Any CPU
		{2BC14877-FFC3-45FB-822D-6FEFF94962ED}.Debug|Any CPU.Build.0 = Debug|Any CPU
		{2BC14877-FFC3-45FB-822D-6FEFF94962ED}.Release|Any CPU.ActiveCfg = Release|Any CPU
		{2BC14877-FFC3-45FB-822D-6FEFF94962ED}.Release|Any CPU.Build.0 = Release|Any CPU
		{0E39E255-C23B-48CA-B896-976F212527E9}.Debug|Any CPU.ActiveCfg = Debug|Any CPU
		{0E39E255-C23B-48CA-B896-976F212527E9}.Debug|Any CPU.Build.0 = Debug|Any CPU
		{0E39E255-C23B-48CA-B896-976F212527E9}.Release|Any CPU.ActiveCfg = Release|Any CPU
		{0E39E255-C23B-48CA-B896-976F212527E9}.Release|Any CPU.Build.0 = Release|Any CPU
		{33A0E457-54BD-4584-8785-DCC15A686966}.Debug|Any CPU.ActiveCfg = Debug|Any CPU
		{33A0E457-54BD-4584-8785-DCC15A686966}.Debug|Any CPU.Build.0 = Debug|Any CPU
		{33A0E457-54BD-4584-8785-DCC15A686966}.Release|Any CPU.ActiveCfg = Release|Any CPU
		{33A0E457-54BD-4584-8785-DCC15A686966}.Release|Any CPU.Build.0 = Release|Any CPU
		{0176ABDB-8421-4C25-B47E-6555E2A0215E}.Debug|Any CPU.ActiveCfg = Debug|Any CPU
		{0176ABDB-8421-4C25-B47E-6555E2A0215E}.Debug|Any CPU.Build.0 = Debug|Any CPU
		{0176ABDB-8421-4C25-B47E-6555E2A0215E}.Release|Any CPU.ActiveCfg = Release|Any CPU
		{0176ABDB-8421-4C25-B47E-6555E2A0215E}.Release|Any CPU.Build.0 = Release|Any CPU
		{F1D8D9F8-7C64-4A35-B77B-30D84EC4E41C}.Debug|Any CPU.ActiveCfg = Debug|Any CPU
		{F1D8D9F8-7C64-4A35-B77B-30D84EC4E41C}.Debug|Any CPU.Build.0 = Debug|Any CPU
		{F1D8D9F8-7C64-4A35-B77B-30D84EC4E41C}.Release|Any CPU.ActiveCfg = Release|Any CPU
		{F1D8D9F8-7C64-4A35-B77B-30D84EC4E41C}.Release|Any CPU.Build.0 = Release|Any CPU
		{8D269368-DB7D-4159-A85D-5A1930FF2BAA}.Debug|Any CPU.ActiveCfg = Debug|Any CPU
		{8D269368-DB7D-4159-A85D-5A1930FF2BAA}.Debug|Any CPU.Build.0 = Debug|Any CPU
		{8D269368-DB7D-4159-A85D-5A1930FF2BAA}.Release|Any CPU.ActiveCfg = Release|Any CPU
		{8D269368-DB7D-4159-A85D-5A1930FF2BAA}.Release|Any CPU.Build.0 = Release|Any CPU
		{BA8B0F83-7F1E-491E-BE90-2563E2BF6E2A}.Debug|Any CPU.ActiveCfg = Debug|Any CPU
		{BA8B0F83-7F1E-491E-BE90-2563E2BF6E2A}.Debug|Any CPU.Build.0 = Debug|Any CPU
		{BA8B0F83-7F1E-491E-BE90-2563E2BF6E2A}.Release|Any CPU.ActiveCfg = Release|Any CPU
		{BA8B0F83-7F1E-491E-BE90-2563E2BF6E2A}.Release|Any CPU.Build.0 = Release|Any CPU
		{FBD2B1E7-8304-440A-BDB6-19D31DD3A4FF}.Debug|Any CPU.ActiveCfg = Debug|Any CPU
		{FBD2B1E7-8304-440A-BDB6-19D31DD3A4FF}.Debug|Any CPU.Build.0 = Debug|Any CPU
		{FBD2B1E7-8304-440A-BDB6-19D31DD3A4FF}.Release|Any CPU.ActiveCfg = Release|Any CPU
		{FBD2B1E7-8304-440A-BDB6-19D31DD3A4FF}.Release|Any CPU.Build.0 = Release|Any CPU
		{AD28461D-8B65-4733-9E09-098501CB7ED3}.Debug|Any CPU.ActiveCfg = Debug|Any CPU
		{AD28461D-8B65-4733-9E09-098501CB7ED3}.Debug|Any CPU.Build.0 = Debug|Any CPU
		{AD28461D-8B65-4733-9E09-098501CB7ED3}.Release|Any CPU.ActiveCfg = Release|Any CPU
		{AD28461D-8B65-4733-9E09-098501CB7ED3}.Release|Any CPU.Build.0 = Release|Any CPU
		{EFCB1FAC-93BE-4223-BC5F-4A952BDE5209}.Debug|Any CPU.ActiveCfg = Debug|Any CPU
		{EFCB1FAC-93BE-4223-BC5F-4A952BDE5209}.Debug|Any CPU.Build.0 = Debug|Any CPU
		{EFCB1FAC-93BE-4223-BC5F-4A952BDE5209}.Release|Any CPU.ActiveCfg = Release|Any CPU
		{EFCB1FAC-93BE-4223-BC5F-4A952BDE5209}.Release|Any CPU.Build.0 = Release|Any CPU
		{1909FA16-014A-4784-BB1F-7E6DE2440B6E}.Debug|Any CPU.ActiveCfg = Debug|Any CPU
		{1909FA16-014A-4784-BB1F-7E6DE2440B6E}.Debug|Any CPU.Build.0 = Debug|Any CPU
		{1909FA16-014A-4784-BB1F-7E6DE2440B6E}.Release|Any CPU.ActiveCfg = Release|Any CPU
		{1909FA16-014A-4784-BB1F-7E6DE2440B6E}.Release|Any CPU.Build.0 = Release|Any CPU
		{F313A5FA-CEC7-4EA9-AAF5-6FBAB92CBBCC}.Debug|Any CPU.ActiveCfg = Debug|Any CPU
		{F313A5FA-CEC7-4EA9-AAF5-6FBAB92CBBCC}.Debug|Any CPU.Build.0 = Debug|Any CPU
		{F313A5FA-CEC7-4EA9-AAF5-6FBAB92CBBCC}.Release|Any CPU.ActiveCfg = Release|Any CPU
		{F313A5FA-CEC7-4EA9-AAF5-6FBAB92CBBCC}.Release|Any CPU.Build.0 = Release|Any CPU
		{94434297-7EA0-4636-A3C6-63A71A84D0C4}.Debug|Any CPU.ActiveCfg = Debug|Any CPU
		{94434297-7EA0-4636-A3C6-63A71A84D0C4}.Debug|Any CPU.Build.0 = Debug|Any CPU
		{94434297-7EA0-4636-A3C6-63A71A84D0C4}.Release|Any CPU.ActiveCfg = Release|Any CPU
		{94434297-7EA0-4636-A3C6-63A71A84D0C4}.Release|Any CPU.Build.0 = Release|Any CPU
		{748297BD-462F-409B-8759-D3BF0BB9BE36}.Debug|Any CPU.ActiveCfg = Debug|Any CPU
		{748297BD-462F-409B-8759-D3BF0BB9BE36}.Debug|Any CPU.Build.0 = Debug|Any CPU
		{748297BD-462F-409B-8759-D3BF0BB9BE36}.Release|Any CPU.ActiveCfg = Release|Any CPU
		{748297BD-462F-409B-8759-D3BF0BB9BE36}.Release|Any CPU.Build.0 = Release|Any CPU
		{1C7E05A5-F5EE-42AD-A20E-B693424E62AC}.Debug|Any CPU.ActiveCfg = Debug|Any CPU
		{1C7E05A5-F5EE-42AD-A20E-B693424E62AC}.Debug|Any CPU.Build.0 = Debug|Any CPU
		{1C7E05A5-F5EE-42AD-A20E-B693424E62AC}.Release|Any CPU.ActiveCfg = Release|Any CPU
		{1C7E05A5-F5EE-42AD-A20E-B693424E62AC}.Release|Any CPU.Build.0 = Release|Any CPU
		{4CE04E15-5459-476F-B9FA-EF208DD70FE7}.Debug|Any CPU.ActiveCfg = Debug|Any CPU
		{4CE04E15-5459-476F-B9FA-EF208DD70FE7}.Debug|Any CPU.Build.0 = Debug|Any CPU
		{4CE04E15-5459-476F-B9FA-EF208DD70FE7}.Release|Any CPU.ActiveCfg = Release|Any CPU
		{4CE04E15-5459-476F-B9FA-EF208DD70FE7}.Release|Any CPU.Build.0 = Release|Any CPU
		{E129C8B4-7D2D-4E77-8EF0-41A081A44424}.Debug|Any CPU.ActiveCfg = Debug|Any CPU
		{E129C8B4-7D2D-4E77-8EF0-41A081A44424}.Debug|Any CPU.Build.0 = Debug|Any CPU
		{E129C8B4-7D2D-4E77-8EF0-41A081A44424}.Release|Any CPU.ActiveCfg = Release|Any CPU
		{E129C8B4-7D2D-4E77-8EF0-41A081A44424}.Release|Any CPU.Build.0 = Release|Any CPU
		{487EB30C-32FC-4E2C-9C7C-65FFD1BB934C}.Debug|Any CPU.ActiveCfg = Debug|Any CPU
		{487EB30C-32FC-4E2C-9C7C-65FFD1BB934C}.Debug|Any CPU.Build.0 = Debug|Any CPU
		{487EB30C-32FC-4E2C-9C7C-65FFD1BB934C}.Release|Any CPU.ActiveCfg = Release|Any CPU
		{487EB30C-32FC-4E2C-9C7C-65FFD1BB934C}.Release|Any CPU.Build.0 = Release|Any CPU
	EndGlobalSection
	GlobalSection(SolutionProperties) = preSolution
		HideSolutionNode = FALSE
	EndGlobalSection
	GlobalSection(NestedProjects) = preSolution
		{312C2A64-A182-4978-BDE7-4325A4E144B1} = {CF3AFADE-1F82-4B5E-9C26-8226493125A4}
		{0EB83F23-5E52-445F-A3D9-931D5BB205AF} = {FDBEF909-63ED-4C93-A2D8-5A13A2A4B9B1}
		{2BC14877-FFC3-45FB-822D-6FEFF94962ED} = {0EB83F23-5E52-445F-A3D9-931D5BB205AF}
		{3A7DC96D-6C67-4AA7-883A-CFAE7E7F8806} = {FDBEF909-63ED-4C93-A2D8-5A13A2A4B9B1}
		{0E39E255-C23B-48CA-B896-976F212527E9} = {3A7DC96D-6C67-4AA7-883A-CFAE7E7F8806}
		{8CE8A7D4-317C-4ADC-970E-889B9559C97A} = {FDBEF909-63ED-4C93-A2D8-5A13A2A4B9B1}
		{33A0E457-54BD-4584-8785-DCC15A686966} = {8CE8A7D4-317C-4ADC-970E-889B9559C97A}
		{3B4726D2-C040-4E90-AFF3-3E940B80E3FE} = {FDBEF909-63ED-4C93-A2D8-5A13A2A4B9B1}
		{0176ABDB-8421-4C25-B47E-6555E2A0215E} = {3B4726D2-C040-4E90-AFF3-3E940B80E3FE}
		{2C191F93-3BBC-49A9-AFE1-E11E0B4B6E92} = {FDBEF909-63ED-4C93-A2D8-5A13A2A4B9B1}
		{F1D8D9F8-7C64-4A35-B77B-30D84EC4E41C} = {2C191F93-3BBC-49A9-AFE1-E11E0B4B6E92}
		{C82DE716-E3A9-4D5B-BB2D-5728518D96FF} = {FDBEF909-63ED-4C93-A2D8-5A13A2A4B9B1}
		{8D269368-DB7D-4159-A85D-5A1930FF2BAA} = {C82DE716-E3A9-4D5B-BB2D-5728518D96FF}
		{6EC39A90-5B1D-48C3-B59B-6C0A7411BD9D} = {FDBEF909-63ED-4C93-A2D8-5A13A2A4B9B1}
		{BA8B0F83-7F1E-491E-BE90-2563E2BF6E2A} = {6EC39A90-5B1D-48C3-B59B-6C0A7411BD9D}
		{D5387356-45CC-441D-9DD5-7424A5EF1C18} = {6D07E51A-68D7-47E3-BDD4-556622A2CA38}
		{FBD2B1E7-8304-440A-BDB6-19D31DD3A4FF} = {D5387356-45CC-441D-9DD5-7424A5EF1C18}
		{3D4151B2-51DC-44F2-8E91-08C53B3281D2} = {6D07E51A-68D7-47E3-BDD4-556622A2CA38}
		{AD28461D-8B65-4733-9E09-098501CB7ED3} = {3D4151B2-51DC-44F2-8E91-08C53B3281D2}
		{2D320DE8-1868-4184-8B97-200C37D4A88D} = {6D07E51A-68D7-47E3-BDD4-556622A2CA38}
		{EFCB1FAC-93BE-4223-BC5F-4A952BDE5209} = {2D320DE8-1868-4184-8B97-200C37D4A88D}
		{98C102E4-F1BF-48ED-BCD4-623E12C065A5} = {6D07E51A-68D7-47E3-BDD4-556622A2CA38}
		{1909FA16-014A-4784-BB1F-7E6DE2440B6E} = {98C102E4-F1BF-48ED-BCD4-623E12C065A5}
		{07235C03-0407-4910-BADA-EF11706C95FA} = {6D07E51A-68D7-47E3-BDD4-556622A2CA38}
		{F313A5FA-CEC7-4EA9-AAF5-6FBAB92CBBCC} = {07235C03-0407-4910-BADA-EF11706C95FA}
		{04AEE3F3-370E-49F1-AE45-1B8964FE1C7D} = {742D76B9-BCA5-48B7-94ED-C74C0F5DDF4C}
		{94434297-7EA0-4636-A3C6-63A71A84D0C4} = {04AEE3F3-370E-49F1-AE45-1B8964FE1C7D}
		{25734CB3-F0D4-465F-B22B-3D68B638CCAB} = {742D76B9-BCA5-48B7-94ED-C74C0F5DDF4C}
		{748297BD-462F-409B-8759-D3BF0BB9BE36} = {25734CB3-F0D4-465F-B22B-3D68B638CCAB}
		{23C2CD33-E80B-41A5-828A-4101AD644FD8} = {742D76B9-BCA5-48B7-94ED-C74C0F5DDF4C}
		{7533D1CF-E465-4338-ACA4-82A3D823B428} = {742D76B9-BCA5-48B7-94ED-C74C0F5DDF4C}
		{1C7E05A5-F5EE-42AD-A20E-B693424E62AC} = {23C2CD33-E80B-41A5-828A-4101AD644FD8}
		{4CE04E15-5459-476F-B9FA-EF208DD70FE7} = {7533D1CF-E465-4338-ACA4-82A3D823B428}
		{964842C8-CE4D-4C80-856F-CE0869E015B5} = {0F9F2F51-778F-4F0B-A90F-8D1484277652}
		{E129C8B4-7D2D-4E77-8EF0-41A081A44424} = {964842C8-CE4D-4C80-856F-CE0869E015B5}
		{991A5143-A913-4343-9FF1-23B630597F13} = {0F9F2F51-778F-4F0B-A90F-8D1484277652}
		{487EB30C-32FC-4E2C-9C7C-65FFD1BB934C} = {991A5143-A913-4343-9FF1-23B630597F13}
		{56D427D8-B6C4-4F8C-85BF-7873D4674417} = {0F9F2F51-778F-4F0B-A90F-8D1484277652}
	EndGlobalSection
	GlobalSection(ExtensibilityGlobals) = postSolution
		SolutionGuid = {A16BD11F-D315-452C-9650-6A67CED43D77}
	EndGlobalSection
EndGlobal
