
Microsoft Visual Studio Solution File, Format Version 12.00
# Visual Studio Version 16
VisualStudioVersion = 16.0.30611.23
MinimumVisualStudioVersion = 10.0.40219.1
Project("{2150E333-8FDC-42A3-9474-1A3956D46DE8}") = "Lesson1", "Lesson1", "{CF3AFADE-1F82-4B5E-9C26-8226493125A4}"
EndProject
Project("{9A19103F-16F7-4668-BE54-9A1E7A4F7556}") = "Lesson1Project", "Lesson1Project\Lesson1Project.csproj", "{312C2A64-A182-4978-BDE7-4325A4E144B1}"
EndProject
Project("{2150E333-8FDC-42A3-9474-1A3956D46DE8}") = "Lesson2", "Lesson2", "{FDBEF909-63ED-4C93-A2D8-5A13A2A4B9B1}"
EndProject
Project("{2150E333-8FDC-42A3-9474-1A3956D46DE8}") = "Project1", "Project1", "{0EB83F23-5E52-445F-A3D9-931D5BB205AF}"
EndProject
Project("{9A19103F-16F7-4668-BE54-9A1E7A4F7556}") = "Lesson2Project1", "Lesson2Project1\Lesson2Project1.csproj", "{2BC14877-FFC3-45FB-822D-6FEFF94962ED}"
EndProject
Project("{2150E333-8FDC-42A3-9474-1A3956D46DE8}") = "Project2", "Project2", "{3A7DC96D-6C67-4AA7-883A-CFAE7E7F8806}"
EndProject
Project("{9A19103F-16F7-4668-BE54-9A1E7A4F7556}") = "Lesson2Project2", "Lesson2Project2\Lesson2Project2.csproj", "{0E39E255-C23B-48CA-B896-976F212527E9}"
EndProject
Project("{2150E333-8FDC-42A3-9474-1A3956D46DE8}") = "Project3", "Project3", "{8CE8A7D4-317C-4ADC-970E-889B9559C97A}"
EndProject
Project("{9A19103F-16F7-4668-BE54-9A1E7A4F7556}") = "Lesson2Project3", "Lesson2Project3\Lesson2Project3.csproj", "{33A0E457-54BD-4584-8785-DCC15A686966}"
EndProject
Project("{2150E333-8FDC-42A3-9474-1A3956D46DE8}") = "Project4", "Project4", "{3B4726D2-C040-4E90-AFF3-3E940B80E3FE}"
EndProject
Project("{9A19103F-16F7-4668-BE54-9A1E7A4F7556}") = "Lesson2Project4", "Lesson2Project4\Lesson2Project4.csproj", "{0176ABDB-8421-4C25-B47E-6555E2A0215E}"
EndProject
Project("{2150E333-8FDC-42A3-9474-1A3956D46DE8}") = "Project5", "Project5", "{2C191F93-3BBC-49A9-AFE1-E11E0B4B6E92}"
EndProject
Project("{9A19103F-16F7-4668-BE54-9A1E7A4F7556}") = "Lesson2Project5", "Lesson2Project5\Lesson2Project5.csproj", "{F1D8D9F8-7C64-4A35-B77B-30D84EC4E41C}"
EndProject
Project("{2150E333-8FDC-42A3-9474-1A3956D46DE8}") = "Project6", "Project6", "{C82DE716-E3A9-4D5B-BB2D-5728518D96FF}"
EndProject
Project("{FAE04EC0-301F-11D3-BF4B-00C04F79EFBC}") = "Lesson2Project6", "Lesson2Project6\Lesson2Project6.csproj", "{8D269368-DB7D-4159-A85D-5A1930FF2BAA}"
EndProject
Project("{2150E333-8FDC-42A3-9474-1A3956D46DE8}") = "Project7", "Project7", "{6EC39A90-5B1D-48C3-B59B-6C0A7411BD9D}"
EndProject
Project("{FAE04EC0-301F-11D3-BF4B-00C04F79EFBC}") = "Lesson2Project7", "Lesson2Project7\Lesson2Project7.csproj", "{BA8B0F83-7F1E-491E-BE90-2563E2BF6E2A}"
EndProject
Global
	GlobalSection(SolutionConfigurationPlatforms) = preSolution
		Debug|Any CPU = Debug|Any CPU
		Release|Any CPU = Release|Any CPU
	EndGlobalSection
	GlobalSection(ProjectConfigurationPlatforms) = postSolution
		{312C2A64-A182-4978-BDE7-4325A4E144B1}.Debug|Any CPU.ActiveCfg = Debug|Any CPU
		{312C2A64-A182-4978-BDE7-4325A4E144B1}.Debug|Any CPU.Build.0 = Debug|Any CPU
		{312C2A64-A182-4978-BDE7-4325A4E144B1}.Release|Any CPU.ActiveCfg = Release|Any CPU
		{312C2A64-A182-4978-BDE7-4325A4E144B1}.Release|Any CPU.Build.0 = Release|Any CPU
		{2BC14877-FFC3-45FB-822D-6FEFF94962ED}.Debug|Any CPU.ActiveCfg = Debug|Any CPU
		{2BC14877-FFC3-45FB-822D-6FEFF94962ED}.Debug|Any CPU.Build.0 = Debug|Any CPU
		{2BC14877-FFC3-45FB-822D-6FEFF94962ED}.Release|Any CPU.ActiveCfg = Release|Any CPU
		{2BC14877-FFC3-45FB-822D-6FEFF94962ED}.Release|Any CPU.Build.0 = Release|Any CPU
		{0E39E255-C23B-48CA-B896-976F212527E9}.Debug|Any CPU.ActiveCfg = Debug|Any CPU
		{0E39E255-C23B-48CA-B896-976F212527E9}.Debug|Any CPU.Build.0 = Debug|Any CPU
		{0E39E255-C23B-48CA-B896-976F212527E9}.Release|Any CPU.ActiveCfg = Release|Any CPU
		{0E39E255-C23B-48CA-B896-976F212527E9}.Release|Any CPU.Build.0 = Release|Any CPU
		{33A0E457-54BD-4584-8785-DCC15A686966}.Debug|Any CPU.ActiveCfg = Debug|Any CPU
		{33A0E457-54BD-4584-8785-DCC15A686966}.Debug|Any CPU.Build.0 = Debug|Any CPU
		{33A0E457-54BD-4584-8785-DCC15A686966}.Release|Any CPU.ActiveCfg = Release|Any CPU
		{33A0E457-54BD-4584-8785-DCC15A686966}.Release|Any CPU.Build.0 = Release|Any CPU
		{0176ABDB-8421-4C25-B47E-6555E2A0215E}.Debug|Any CPU.ActiveCfg = Debug|Any CPU
		{0176ABDB-8421-4C25-B47E-6555E2A0215E}.Debug|Any CPU.Build.0 = Debug|Any CPU
		{0176ABDB-8421-4C25-B47E-6555E2A0215E}.Release|Any CPU.ActiveCfg = Release|Any CPU
		{0176ABDB-8421-4C25-B47E-6555E2A0215E}.Release|Any CPU.Build.0 = Release|Any CPU
		{F1D8D9F8-7C64-4A35-B77B-30D84EC4E41C}.Debug|Any CPU.ActiveCfg = Debug|Any CPU
		{F1D8D9F8-7C64-4A35-B77B-30D84EC4E41C}.Debug|Any CPU.Build.0 = Debug|Any CPU
		{F1D8D9F8-7C64-4A35-B77B-30D84EC4E41C}.Release|Any CPU.ActiveCfg = Release|Any CPU
		{F1D8D9F8-7C64-4A35-B77B-30D84EC4E41C}.Release|Any CPU.Build.0 = Release|Any CPU
		{8D269368-DB7D-4159-A85D-5A1930FF2BAA}.Debug|Any CPU.ActiveCfg = Debug|Any CPU
		{8D269368-DB7D-4159-A85D-5A1930FF2BAA}.Debug|Any CPU.Build.0 = Debug|Any CPU
		{8D269368-DB7D-4159-A85D-5A1930FF2BAA}.Release|Any CPU.ActiveCfg = Release|Any CPU
		{8D269368-DB7D-4159-A85D-5A1930FF2BAA}.Release|Any CPU.Build.0 = Release|Any CPU
		{BA8B0F83-7F1E-491E-BE90-2563E2BF6E2A}.Debug|Any CPU.ActiveCfg = Debug|Any CPU
		{BA8B0F83-7F1E-491E-BE90-2563E2BF6E2A}.Debug|Any CPU.Build.0 = Debug|Any CPU
		{BA8B0F83-7F1E-491E-BE90-2563E2BF6E2A}.Release|Any CPU.ActiveCfg = Release|Any CPU
		{BA8B0F83-7F1E-491E-BE90-2563E2BF6E2A}.Release|Any CPU.Build.0 = Release|Any CPU
	EndGlobalSection
	GlobalSection(SolutionProperties) = preSolution
		HideSolutionNode = FALSE
	EndGlobalSection
	GlobalSection(NestedProjects) = preSolution
		{312C2A64-A182-4978-BDE7-4325A4E144B1} = {CF3AFADE-1F82-4B5E-9C26-8226493125A4}
		{0EB83F23-5E52-445F-A3D9-931D5BB205AF} = {FDBEF909-63ED-4C93-A2D8-5A13A2A4B9B1}
		{2BC14877-FFC3-45FB-822D-6FEFF94962ED} = {0EB83F23-5E52-445F-A3D9-931D5BB205AF}
		{3A7DC96D-6C67-4AA7-883A-CFAE7E7F8806} = {FDBEF909-63ED-4C93-A2D8-5A13A2A4B9B1}
		{0E39E255-C23B-48CA-B896-976F212527E9} = {3A7DC96D-6C67-4AA7-883A-CFAE7E7F8806}
		{8CE8A7D4-317C-4ADC-970E-889B9559C97A} = {FDBEF909-63ED-4C93-A2D8-5A13A2A4B9B1}
		{33A0E457-54BD-4584-8785-DCC15A686966} = {8CE8A7D4-317C-4ADC-970E-889B9559C97A}
		{3B4726D2-C040-4E90-AFF3-3E940B80E3FE} = {FDBEF909-63ED-4C93-A2D8-5A13A2A4B9B1}
		{0176ABDB-8421-4C25-B47E-6555E2A0215E} = {3B4726D2-C040-4E90-AFF3-3E940B80E3FE}
		{2C191F93-3BBC-49A9-AFE1-E11E0B4B6E92} = {FDBEF909-63ED-4C93-A2D8-5A13A2A4B9B1}
		{F1D8D9F8-7C64-4A35-B77B-30D84EC4E41C} = {2C191F93-3BBC-49A9-AFE1-E11E0B4B6E92}
		{C82DE716-E3A9-4D5B-BB2D-5728518D96FF} = {FDBEF909-63ED-4C93-A2D8-5A13A2A4B9B1}
		{8D269368-DB7D-4159-A85D-5A1930FF2BAA} = {C82DE716-E3A9-4D5B-BB2D-5728518D96FF}
		{6EC39A90-5B1D-48C3-B59B-6C0A7411BD9D} = {FDBEF909-63ED-4C93-A2D8-5A13A2A4B9B1}
		{BA8B0F83-7F1E-491E-BE90-2563E2BF6E2A} = {6EC39A90-5B1D-48C3-B59B-6C0A7411BD9D}
	EndGlobalSection
	GlobalSection(ExtensibilityGlobals) = postSolution
		SolutionGuid = {A16BD11F-D315-452C-9650-6A67CED43D77}
	EndGlobalSection
EndGlobal
